// !$*UTF8*$!
{
	archiveVersion = 1;
	classes = {
	};
	objectVersion = 46;
	objects = {

/* Begin PBXBuildFile section */
		B60FF43B1355C8A100B3A3D8 /* UIKit.framework in Frameworks */ = {isa = PBXBuildFile; fileRef = B60FF43A1355C8A100B3A3D8 /* UIKit.framework */; };
		B60FF43D1355C8A100B3A3D8 /* Foundation.framework in Frameworks */ = {isa = PBXBuildFile; fileRef = B60FF43C1355C8A100B3A3D8 /* Foundation.framework */; };
		B60FF43F1355C8A100B3A3D8 /* CoreGraphics.framework in Frameworks */ = {isa = PBXBuildFile; fileRef = B60FF43E1355C8A100B3A3D8 /* CoreGraphics.framework */; };
		B60FF4451355C8A100B3A3D8 /* InfoPlist.strings in Resources */ = {isa = PBXBuildFile; fileRef = B60FF4431355C8A100B3A3D8 /* InfoPlist.strings */; };
		B60FF4481355C8A100B3A3D8 /* main.m in Sources */ = {isa = PBXBuildFile; fileRef = B60FF4471355C8A100B3A3D8 /* main.m */; };
		B60FF44B1355C8A100B3A3D8 /* DLWebViewAppDelegate.m in Sources */ = {isa = PBXBuildFile; fileRef = B60FF44A1355C8A100B3A3D8 /* DLWebViewAppDelegate.m */; };
		B60FF44E1355C8A100B3A3D8 /* MainWindow.xib in Resources */ = {isa = PBXBuildFile; fileRef = B60FF44C1355C8A100B3A3D8 /* MainWindow.xib */; };
		B60FF45C1355C93400B3A3D8 /* DLWebViewController.m in Sources */ = {isa = PBXBuildFile; fileRef = B60FF45B1355C93400B3A3D8 /* DLWebViewController.m */; };
		B60FF4611355CB9000B3A3D8 /* forward@2x.png in Resources */ = {isa = PBXBuildFile; fileRef = B60FF45D1355CB8F00B3A3D8 /* forward@2x.png */; };
		B60FF4621355CB9000B3A3D8 /* forward.png in Resources */ = {isa = PBXBuildFile; fileRef = B60FF45E1355CB8F00B3A3D8 /* forward.png */; };
		B60FF4631355CB9000B3A3D8 /* back@2x.png in Resources */ = {isa = PBXBuildFile; fileRef = B60FF45F1355CB9000B3A3D8 /* back@2x.png */; };
		B60FF4641355CB9000B3A3D8 /* back.png in Resources */ = {isa = PBXBuildFile; fileRef = B60FF4601355CB9000B3A3D8 /* back.png */; };
/* End PBXBuildFile section */

/* Begin PBXFileReference section */
		B60FF4361355C8A100B3A3D8 /* DLWebView.app */ = {isa = PBXFileReference; explicitFileType = wrapper.application; includeInIndex = 0; path = DLWebView.app; sourceTree = BUILT_PRODUCTS_DIR; };
		B60FF43A1355C8A100B3A3D8 /* UIKit.framework */ = {isa = PBXFileReference; lastKnownFileType = wrapper.framework; name = UIKit.framework; path = System/Library/Frameworks/UIKit.framework; sourceTree = SDKROOT; };
		B60FF43C1355C8A100B3A3D8 /* Foundation.framework */ = {isa = PBXFileReference; lastKnownFileType = wrapper.framework; name = Foundation.framework; path = System/Library/Frameworks/Foundation.framework; sourceTree = SDKROOT; };
		B60FF43E1355C8A100B3A3D8 /* CoreGraphics.framework */ = {isa = PBXFileReference; lastKnownFileType = wrapper.framework; name = CoreGraphics.framework; path = System/Library/Frameworks/CoreGraphics.framework; sourceTree = SDKROOT; };
		B60FF4421355C8A100B3A3D8 /* DLWebView-Info.plist */ = {isa = PBXFileReference; lastKnownFileType = text.plist.xml; path = "DLWebView-Info.plist"; sourceTree = "<group>"; };
		B60FF4441355C8A100B3A3D8 /* en */ = {isa = PBXFileReference; lastKnownFileType = text.plist.strings; name = en; path = en.lproj/InfoPlist.strings; sourceTree = "<group>"; };
		B60FF4461355C8A100B3A3D8 /* DLWebView-Prefix.pch */ = {isa = PBXFileReference; lastKnownFileType = sourcecode.c.h; path = "DLWebView-Prefix.pch"; sourceTree = "<group>"; };
		B60FF4471355C8A100B3A3D8 /* main.m */ = {isa = PBXFileReference; lastKnownFileType = sourcecode.c.objc; path = main.m; sourceTree = "<group>"; };
		B60FF4491355C8A100B3A3D8 /* DLWebViewAppDelegate.h */ = {isa = PBXFileReference; lastKnownFileType = sourcecode.c.h; path = DLWebViewAppDelegate.h; sourceTree = "<group>"; };
		B60FF44A1355C8A100B3A3D8 /* DLWebViewAppDelegate.m */ = {isa = PBXFileReference; lastKnownFileType = sourcecode.c.objc; path = DLWebViewAppDelegate.m; sourceTree = "<group>"; };
		B60FF44D1355C8A100B3A3D8 /* en */ = {isa = PBXFileReference; lastKnownFileType = file.xib; name = en; path = en.lproj/MainWindow.xib; sourceTree = "<group>"; };
		B60FF45A1355C93400B3A3D8 /* DLWebViewController.h */ = {isa = PBXFileReference; fileEncoding = 4; lastKnownFileType = sourcecode.c.h; path = DLWebViewController.h; sourceTree = "<group>"; };
		B60FF45B1355C93400B3A3D8 /* DLWebViewController.m */ = {isa = PBXFileReference; fileEncoding = 4; lastKnownFileType = sourcecode.c.objc; path = DLWebViewController.m; sourceTree = "<group>"; };
		B60FF45D1355CB8F00B3A3D8 /* forward@2x.png */ = {isa = PBXFileReference; lastKnownFileType = image.png; path = "forward@2x.png"; sourceTree = "<group>"; };
		B60FF45E1355CB8F00B3A3D8 /* forward.png */ = {isa = PBXFileReference; lastKnownFileType = image.png; path = forward.png; sourceTree = "<group>"; };
		B60FF45F1355CB9000B3A3D8 /* back@2x.png */ = {isa = PBXFileReference; lastKnownFileType = image.png; path = "back@2x.png"; sourceTree = "<group>"; };
		B60FF4601355CB9000B3A3D8 /* back.png */ = {isa = PBXFileReference; lastKnownFileType = image.png; path = back.png; sourceTree = "<group>"; };
/* End PBXFileReference section */

/* Begin PBXFrameworksBuildPhase section */
		B60FF4331355C8A100B3A3D8 /* Frameworks */ = {
			isa = PBXFrameworksBuildPhase;
			buildActionMask = 2147483647;
			files = (
				B60FF43B1355C8A100B3A3D8 /* UIKit.framework in Frameworks */,
				B60FF43D1355C8A100B3A3D8 /* Foundation.framework in Frameworks */,
				B60FF43F1355C8A100B3A3D8 /* CoreGraphics.framework in Frameworks */,
			);
			runOnlyForDeploymentPostprocessing = 0;
		};
/* End PBXFrameworksBuildPhase section */

/* Begin PBXGroup section */
		B60FF42B1355C8A100B3A3D8 = {
			isa = PBXGroup;
			children = (
				B60FF4401355C8A100B3A3D8 /* DLWebView */,
				B60FF4391355C8A100B3A3D8 /* Frameworks */,
				B60FF4371355C8A100B3A3D8 /* Products */,
			);
			sourceTree = "<group>";
		};
		B60FF4371355C8A100B3A3D8 /* Products */ = {
			isa = PBXGroup;
			children = (
				B60FF4361355C8A100B3A3D8 /* DLWebView.app */,
			);
			name = Products;
			sourceTree = "<group>";
		};
		B60FF4391355C8A100B3A3D8 /* Frameworks */ = {
			isa = PBXGroup;
			children = (
				B60FF43A1355C8A100B3A3D8 /* UIKit.framework */,
				B60FF43C1355C8A100B3A3D8 /* Foundation.framework */,
				B60FF43E1355C8A100B3A3D8 /* CoreGraphics.framework */,
			);
			name = Frameworks;
			sourceTree = "<group>";
		};
		B60FF4401355C8A100B3A3D8 /* DLWebView */ = {
			isa = PBXGroup;
			children = (
				B60FF45D1355CB8F00B3A3D8 /* forward@2x.png */,
				B60FF45E1355CB8F00B3A3D8 /* forward.png */,
				B60FF45F1355CB9000B3A3D8 /* back@2x.png */,
				B60FF4601355CB9000B3A3D8 /* back.png */,
				B60FF4491355C8A100B3A3D8 /* DLWebViewAppDelegate.h */,
				B60FF44A1355C8A100B3A3D8 /* DLWebViewAppDelegate.m */,
				B60FF44C1355C8A100B3A3D8 /* MainWindow.xib */,
				B60FF4411355C8A100B3A3D8 /* Supporting Files */,
				B60FF45A1355C93400B3A3D8 /* DLWebViewController.h */,
				B60FF45B1355C93400B3A3D8 /* DLWebViewController.m */,
			);
			path = DLWebView;
			sourceTree = "<group>";
		};
		B60FF4411355C8A100B3A3D8 /* Supporting Files */ = {
			isa = PBXGroup;
			children = (
				B60FF4421355C8A100B3A3D8 /* DLWebView-Info.plist */,
				B60FF4431355C8A100B3A3D8 /* InfoPlist.strings */,
				B60FF4461355C8A100B3A3D8 /* DLWebView-Prefix.pch */,
				B60FF4471355C8A100B3A3D8 /* main.m */,
			);
			name = "Supporting Files";
			sourceTree = "<group>";
		};
/* End PBXGroup section */

/* Begin PBXNativeTarget section */
		B60FF4351355C8A100B3A3D8 /* DLWebView */ = {
			isa = PBXNativeTarget;
			buildConfigurationList = B60FF4571355C8A100B3A3D8 /* Build configuration list for PBXNativeTarget "DLWebView" */;
			buildPhases = (
				B60FF4321355C8A100B3A3D8 /* Sources */,
				B60FF4331355C8A100B3A3D8 /* Frameworks */,
				B60FF4341355C8A100B3A3D8 /* Resources */,
			);
			buildRules = (
			);
			dependencies = (
			);
			name = DLWebView;
			productName = DLWebView;
			productReference = B60FF4361355C8A100B3A3D8 /* DLWebView.app */;
			productType = "com.apple.product-type.application";
		};
/* End PBXNativeTarget section */

/* Begin PBXProject section */
		B60FF42D1355C8A100B3A3D8 /* Project object */ = {
			isa = PBXProject;
			attributes = {
				ORGANIZATIONNAME = "GrandCentrix GmbH";
			};
			buildConfigurationList = B60FF4301355C8A100B3A3D8 /* Build configuration list for PBXProject "DLWebView" */;
			compatibilityVersion = "Xcode 3.2";
			developmentRegion = English;
			hasScannedForEncodings = 0;
			knownRegions = (
				en,
			);
			mainGroup = B60FF42B1355C8A100B3A3D8;
			productRefGroup = B60FF4371355C8A100B3A3D8 /* Products */;
			projectDirPath = "";
			projectRoot = "";
			targets = (
				B60FF4351355C8A100B3A3D8 /* DLWebView */,
			);
		};
/* End PBXProject section */

/* Begin PBXResourcesBuildPhase section */
		B60FF4341355C8A100B3A3D8 /* Resources */ = {
			isa = PBXResourcesBuildPhase;
			buildActionMask = 2147483647;
			files = (
				B60FF4451355C8A100B3A3D8 /* InfoPlist.strings in Resources */,
				B60FF44E1355C8A100B3A3D8 /* MainWindow.xib in Resources */,
				B60FF4611355CB9000B3A3D8 /* forward@2x.png in Resources */,
				B60FF4621355CB9000B3A3D8 /* forward.png in Resources */,
				B60FF4631355CB9000B3A3D8 /* back@2x.png in Resources */,
				B60FF4641355CB9000B3A3D8 /* back.png in Resources */,
			);
			runOnlyForDeploymentPostprocessing = 0;
		};
/* End PBXResourcesBuildPhase section */

/* Begin PBXSourcesBuildPhase section */
		B60FF4321355C8A100B3A3D8 /* Sources */ = {
			isa = PBXSourcesBuildPhase;
			buildActionMask = 2147483647;
			files = (
				B60FF4481355C8A100B3A3D8 /* main.m in Sources */,
				B60FF44B1355C8A100B3A3D8 /* DLWebViewAppDelegate.m in Sources */,
				B60FF45C1355C93400B3A3D8 /* DLWebViewController.m in Sources */,
			);
			runOnlyForDeploymentPostprocessing = 0;
		};
/* End PBXSourcesBuildPhase section */

/* Begin PBXVariantGroup section */
		B60FF4431355C8A100B3A3D8 /* InfoPlist.strings */ = {
			isa = PBXVariantGroup;
			children = (
				B60FF4441355C8A100B3A3D8 /* en */,
			);
			name = InfoPlist.strings;
			sourceTree = "<group>";
		};
		B60FF44C1355C8A100B3A3D8 /* MainWindow.xib */ = {
			isa = PBXVariantGroup;
			children = (
				B60FF44D1355C8A100B3A3D8 /* en */,
			);
			name = MainWindow.xib;
			sourceTree = "<group>";
		};
/* End PBXVariantGroup section */

/* Begin XCBuildConfiguration section */
		B60FF4551355C8A100B3A3D8 /* Debug */ = {
			isa = XCBuildConfiguration;
			buildSettings = {
				ARCHS = "$(ARCHS_STANDARD_32_BIT)";
				"CODE_SIGN_IDENTITY[sdk=iphoneos*]" = "iPhone Developer";
				GCC_C_LANGUAGE_STANDARD = gnu99;
				GCC_OPTIMIZATION_LEVEL = 0;
				GCC_PREPROCESSOR_DEFINITIONS = DEBUG;
				GCC_SYMBOLS_PRIVATE_EXTERN = NO;
				GCC_VERSION = com.apple.compilers.llvmgcc42;
				GCC_WARN_ABOUT_RETURN_TYPE = YES;
				GCC_WARN_UNUSED_VARIABLE = YES;
				IPHONEOS_DEPLOYMENT_TARGET = 4.3;
				SDKROOT = iphoneos;
			};
			name = Debug;
		};
		B60FF4561355C8A100B3A3D8 /* Release */ = {
			isa = XCBuildConfiguration;
			buildSettings = {
				ARCHS = "$(ARCHS_STANDARD_32_BIT)";
				"CODE_SIGN_IDENTITY[sdk=iphoneos*]" = "iPhone Developer";
				GCC_C_LANGUAGE_STANDARD = gnu99;
				GCC_VERSION = com.apple.compilers.llvmgcc42;
				GCC_WARN_ABOUT_RETURN_TYPE = YES;
				GCC_WARN_UNUSED_VARIABLE = YES;
				IPHONEOS_DEPLOYMENT_TARGET = 4.3;
				OTHER_CFLAGS = "-DNS_BLOCK_ASSERTIONS=1";
				SDKROOT = iphoneos;
			};
			name = Release;
		};
		B60FF4581355C8A100B3A3D8 /* Debug */ = {
			isa = XCBuildConfiguration;
			buildSettings = {
				ALWAYS_SEARCH_USER_PATHS = NO;
				COPY_PHASE_STRIP = NO;
				GCC_DYNAMIC_NO_PIC = NO;
				GCC_PRECOMPILE_PREFIX_HEADER = YES;
				GCC_PREFIX_HEADER = "DLWebView/DLWebView-Prefix.pch";
				INFOPLIST_FILE = "DLWebView/DLWebView-Info.plist";
				PRODUCT_NAME = "$(TARGET_NAME)";
				WRAPPER_EXTENSION = app;
			};
			name = Debug;
		};
		B60FF4591355C8A100B3A3D8 /* Release */ = {
			isa = XCBuildConfiguration;
			buildSettings = {
				ALWAYS_SEARCH_USER_PATHS = NO;
				COPY_PHASE_STRIP = YES;
				GCC_PRECOMPILE_PREFIX_HEADER = YES;
				GCC_PREFIX_HEADER = "DLWebView/DLWebView-Prefix.pch";
				INFOPLIST_FILE = "DLWebView/DLWebView-Info.plist";
				PRODUCT_NAME = "$(TARGET_NAME)";
				VALIDATE_PRODUCT = YES;
				WRAPPER_EXTENSION = app;
			};
			name = Release;
		};
/* End XCBuildConfiguration section */

/* Begin XCConfigurationList section */
		B60FF4301355C8A100B3A3D8 /* Build configuration list for PBXProject "DLWebView" */ = {
			isa = XCConfigurationList;
			buildConfigurations = (
				B60FF4551355C8A100B3A3D8 /* Debug */,
				B60FF4561355C8A100B3A3D8 /* Release */,
			);
			defaultConfigurationIsVisible = 0;
			defaultConfigurationName = Release;
		};
		B60FF4571355C8A100B3A3D8 /* Build configuration list for PBXNativeTarget "DLWebView" */ = {
			isa = XCConfigurationList;
			buildConfigurations = (
				B60FF4581355C8A100B3A3D8 /* Debug */,
				B60FF4591355C8A100B3A3D8 /* Release */,
			);
			defaultConfigurationIsVisible = 0;
			defaultConfigurationName = Release;
		};
/* End XCConfigurationList section */
	};
	rootObject = B60FF42D1355C8A100B3A3D8 /* Project object */;
}
